
Microsoft Visual Studio Solution File, Format Version 12.00
# Visual Studio 15
VisualStudioVersion = 15.0.27004.2009
MinimumVisualStudioVersion = 10.0.40219.1
Project("{FAE04EC0-301F-11D3-BF4B-00C04F79EFBC}") = "WebCam", "WebCam\WebCam.csproj", "{3AA18F7A-E262-4C1D-8F88-C40FE40BE443}"
EndProject
Global
	GlobalSection(SolutionConfigurationPlatforms) = preSolution
		Debug|Any CPU = Debug|Any CPU
		Release|Any CPU = Release|Any CPU
	EndGlobalSection
	GlobalSection(ProjectConfigurationPlatforms) = postSolution
		{3AA18F7A-E262-4C1D-8F88-C40FE40BE443}.Debug|Any CPU.ActiveCfg = Debug|Any CPU
		{3AA18F7A-E262-4C1D-8F88-C40FE40BE443}.Debug|Any CPU.Build.0 = Debug|Any CPU
		{3AA18F7A-E262-4C1D-8F88-C40FE40BE443}.Release|Any CPU.ActiveCfg = Release|Any CPU
		{3AA18F7A-E262-4C1D-8F88-C40FE40BE443}.Release|Any CPU.Build.0 = Release|Any CPU
	EndGlobalSection
	GlobalSection(SolutionProperties) = preSolution
		HideSolutionNode = FALSE
	EndGlobalSection
	GlobalSection(ExtensibilityGlobals) = postSolution
		SolutionGuid = {3BE4A3A9-25FD-46FC-A0AC-154603E49CCA}
	EndGlobalSection
EndGlobal
